{
  "nodes": {
    "flake-utils": {
      "inputs": {
        "systems": "systems"
      },
      "locked": {
        "lastModified": 1731533236,
        "narHash": "sha256-l0KFg5HjrsfsO/JpG+r7fRrqm12kzFHyUHqHCVpMMbI=",
        "owner": "numtide",
        "repo": "flake-utils",
        "rev": "11707dc2f618dd54ca8739b309ec4fc024de578b",
        "type": "github"
      },
      "original": {
        "owner": "numtide",
        "repo": "flake-utils",
        "type": "github"
      }
    },
    "flake-utils_2": {
      "inputs": {
        "systems": "systems_2"
      },
      "locked": {
        "lastModified": 1731533236,
        "narHash": "sha256-l0KFg5HjrsfsO/JpG+r7fRrqm12kzFHyUHqHCVpMMbI=",
        "owner": "numtide",
        "repo": "flake-utils",
        "rev": "11707dc2f618dd54ca8739b309ec4fc024de578b",
        "type": "github"
      },
      "original": {
        "owner": "numtide",
        "repo": "flake-utils",
        "type": "github"
      }
    },
    "nixpkgs": {
      "locked": {
        "lastModified": 1775558963,
        "narHash": "sha256-z6C8d5UHePve30x48rhOEBJh41F8inmqTwV5LqVvJeg=",
        "owner": "rstats-on-nix",
        "repo": "nixpkgs",
        "rev": "6692de60216eedb6f921dfcfb77c20022efe6536",
        "type": "github"
      },
      "original": {
        "owner": "rstats-on-nix",
        "ref": "2026-04-02",
        "repo": "nixpkgs",
        "type": "github"
      }
    },
    "nixpkgs_2": {
      "locked": {
        "lastModified": 1759931424,
        "narHash": "sha256-Wri73k5QBQA+v4wb0+kizXuLKV4fkoXFsqNeKn8uL8w=",
        "owner": "rstats-on-nix",
        "repo": "nixpkgs",
        "rev": "227b895e57a626505446d84621ae56801d0be9e7",
        "type": "github"
      },
      "original": {
        "owner": "rstats-on-nix",
        "repo": "nixpkgs",
        "type": "github"
      }
    },
    "root": {
      "inputs": {
        "flake-utils": "flake-utils",
        "nixpkgs": "nixpkgs",
        "t-lang": "t-lang"
      }
    },
    "systems": {
      "locked": {
        "lastModified": 1681028828,
        "narHash": "sha256-Vy1rq5AaRuLzOxct8nz4T6wlgyUR7zLU309k9mBC768=",
        "owner": "nix-systems",
        "repo": "default",
        "rev": "da67096a3b9bf56a91d16901293e51ba5b49a27e",
        "type": "github"
      },
      "original": {
        "owner": "nix-systems",
        "repo": "default",
        "type": "github"
      }
    },
    "systems_2": {
      "locked": {
        "lastModified": 1681028828,
        "narHash": "sha256-Vy1rq5AaRuLzOxct8nz4T6wlgyUR7zLU309k9mBC768=",
        "owner": "nix-systems",
        "repo": "default",
        "rev": "da67096a3b9bf56a91d16901293e51ba5b49a27e",
        "type": "github"
      },
      "original": {
        "owner": "nix-systems",
        "repo": "default",
        "type": "github"
      }
    },
    "t-lang": {
      "inputs": {
        "flake-utils": "flake-utils_2",
        "nixpkgs": "nixpkgs_2"
      },
      "locked": {
        "lastModified": 1775983172,
        "narHash": "sha256-s5r1T2ay9GG2rk13lKpKIondiSiDJfN02gZ4z+c3quM=",
        "owner": "b-rodrigues",
        "repo": "tlang",
        "rev": "7f32c036f749d0da77ec7605c73d4ab585871862",
        "type": "github"
      },
      "original": {
        "owner": "b-rodrigues",
        "repo": "tlang",
        "rev": "7f32c036f749d0da77ec7605c73d4ab585871862",
        "type": "github"
      }
    }
  },
  "root": "root",
  "version": 7
}
