{
  "nodes": {
    "atelier": {
      "inputs": {
        "flake-utils": "flake-utils",
        "nixpkgs": "nixpkgs"
      },
      "locked": {
        "lastModified": 1781449089,
        "narHash": "sha256-gOI3zB2Jg5iUrGfFkEsIRZIUuNRVkEzWj7gm2T7gmyo=",
        "owner": "b-rodrigues",
        "repo": "atelier",
        "rev": "b3d3ba9eff6b54ca35f41849d2e88a8a428594ea",
        "type": "github"
      },
      "original": {
        "owner": "b-rodrigues",
        "ref": "main",
        "repo": "atelier",
        "type": "github"
      }
    },
    "flake-utils": {
      "inputs": {
        "systems": "systems"
      },
      "locked": {
        "lastModified": 1731533236,
        "narHash": "sha256-l0KFg5HjrsfsO/JpG+r7fRrqm12kzFHyUHqHCVpMMbI=",
        "owner": "numtide",
        "repo": "flake-utils",
        "rev": "11707dc2f618dd54ca8739b309ec4fc024de578b",
        "type": "github"
      },
      "original": {
        "owner": "numtide",
        "repo": "flake-utils",
        "type": "github"
      }
    },
    "flake-utils_2": {
      "inputs": {
        "systems": "systems_2"
      },
      "locked": {
        "lastModified": 1731533236,
        "narHash": "sha256-l0KFg5HjrsfsO/JpG+r7fRrqm12kzFHyUHqHCVpMMbI=",
        "owner": "numtide",
        "repo": "flake-utils",
        "rev": "11707dc2f618dd54ca8739b309ec4fc024de578b",
        "type": "github"
      },
      "original": {
        "owner": "numtide",
        "repo": "flake-utils",
        "type": "github"
      }
    },
    "flake-utils_3": {
      "inputs": {
        "systems": "systems_3"
      },
      "locked": {
        "lastModified": 1731533236,
        "narHash": "sha256-l0KFg5HjrsfsO/JpG+r7fRrqm12kzFHyUHqHCVpMMbI=",
        "owner": "numtide",
        "repo": "flake-utils",
        "rev": "11707dc2f618dd54ca8739b309ec4fc024de578b",
        "type": "github"
      },
      "original": {
        "owner": "numtide",
        "repo": "flake-utils",
        "type": "github"
      }
    },
    "nixpkgs": {
      "locked": {
        "lastModified": 1777298544,
        "narHash": "sha256-fRjf/Bky2z6CayY4ke8j6H7+zM5QCQohJojPzM05GOk=",
        "owner": "rstats-on-nix",
        "repo": "nixpkgs",
        "rev": "7b74e320f417dfdf93fffb2a4c102a3ac6e054bc",
        "type": "github"
      },
      "original": {
        "owner": "rstats-on-nix",
        "repo": "nixpkgs",
        "type": "github"
      }
    },
    "nixpkgs_2": {
      "locked": {
        "lastModified": 1779102036,
        "narHash": "sha256-to6QfHbbwv4X/gEx8kboYhfxEwXJ8CRasqoNWjoKyAM=",
        "owner": "rstats-on-nix",
        "repo": "nixpkgs",
        "rev": "f51edc69c8b1abcef23733f7df8ccd6305e0cc95",
        "type": "github"
      },
      "original": {
        "owner": "rstats-on-nix",
        "ref": "2026-05-08",
        "repo": "nixpkgs",
        "type": "github"
      }
    },
    "nixpkgs_3": {
      "locked": {
        "lastModified": 1777298544,
        "narHash": "sha256-fRjf/Bky2z6CayY4ke8j6H7+zM5QCQohJojPzM05GOk=",
        "owner": "rstats-on-nix",
        "repo": "nixpkgs",
        "rev": "7b74e320f417dfdf93fffb2a4c102a3ac6e054bc",
        "type": "github"
      },
      "original": {
        "owner": "rstats-on-nix",
        "repo": "nixpkgs",
        "type": "github"
      }
    },
    "root": {
      "inputs": {
        "atelier": "atelier",
        "flake-utils": "flake-utils_2",
        "nixpkgs": "nixpkgs_2",
        "t-lang": "t-lang"
      }
    },
    "systems": {
      "locked": {
        "lastModified": 1681028828,
        "narHash": "sha256-Vy1rq5AaRuLzOxct8nz4T6wlgyUR7zLU309k9mBC768=",
        "owner": "nix-systems",
        "repo": "default",
        "rev": "da67096a3b9bf56a91d16901293e51ba5b49a27e",
        "type": "github"
      },
      "original": {
        "owner": "nix-systems",
        "repo": "default",
        "type": "github"
      }
    },
    "systems_2": {
      "locked": {
        "lastModified": 1681028828,
        "narHash": "sha256-Vy1rq5AaRuLzOxct8nz4T6wlgyUR7zLU309k9mBC768=",
        "owner": "nix-systems",
        "repo": "default",
        "rev": "da67096a3b9bf56a91d16901293e51ba5b49a27e",
        "type": "github"
      },
      "original": {
        "owner": "nix-systems",
        "repo": "default",
        "type": "github"
      }
    },
    "systems_3": {
      "locked": {
        "lastModified": 1681028828,
        "narHash": "sha256-Vy1rq5AaRuLzOxct8nz4T6wlgyUR7zLU309k9mBC768=",
        "owner": "nix-systems",
        "repo": "default",
        "rev": "da67096a3b9bf56a91d16901293e51ba5b49a27e",
        "type": "github"
      },
      "original": {
        "owner": "nix-systems",
        "repo": "default",
        "type": "github"
      }
    },
    "t-lang": {
      "inputs": {
        "flake-utils": "flake-utils_3",
        "nixpkgs": "nixpkgs_3"
      },
      "locked": {
        "lastModified": 1781441400,
        "narHash": "sha256-2dCRrMKYA8hVbGixXdHU1r1S9YfP2RGoEhVDWXlmdrk=",
        "owner": "b-rodrigues",
        "repo": "tlang",
        "rev": "665519f6f2574bd53f6a76c9c25ac4dded486220",
        "type": "github"
      },
      "original": {
        "owner": "b-rodrigues",
        "ref": "v0.53.0",
        "repo": "tlang",
        "type": "github"
      }
    }
  },
  "root": "root",
  "version": 7
}
