{
  "nodes": {
    "flake-utils": {
      "inputs": {
        "systems": "systems"
      },
      "locked": {
        "lastModified": 1731533236,
        "narHash": "sha256-l0KFg5HjrsfsO/JpG+r7fRrqm12kzFHyUHqHCVpMMbI=",
        "owner": "numtide",
        "repo": "flake-utils",
        "rev": "11707dc2f618dd54ca8739b309ec4fc024de578b",
        "type": "github"
      },
      "original": {
        "owner": "numtide",
        "repo": "flake-utils",
        "type": "github"
      }
    },
    "flake-utils_2": {
      "inputs": {
        "systems": "systems_2"
      },
      "locked": {
        "lastModified": 1731533236,
        "narHash": "sha256-l0KFg5HjrsfsO/JpG+r7fRrqm12kzFHyUHqHCVpMMbI=",
        "owner": "numtide",
        "repo": "flake-utils",
        "rev": "11707dc2f618dd54ca8739b309ec4fc024de578b",
        "type": "github"
      },
      "original": {
        "owner": "numtide",
        "repo": "flake-utils",
        "type": "github"
      }
    },
    "nixpkgs": {
      "locked": {
        "lastModified": 1772498523,
        "narHash": "sha256-ei3WFARE3DmE1ij9IpjPTNEBn0eB1XXySW10+JWUR24=",
        "owner": "rstats-on-nix",
        "repo": "nixpkgs",
        "rev": "4712f19fe4797e209c7c75d5d64827e9d41fc282",
        "type": "github"
      },
      "original": {
        "owner": "rstats-on-nix",
        "ref": "2026-03-03",
        "repo": "nixpkgs",
        "type": "github"
      }
    },
    "nixpkgs_2": {
      "locked": {
        "lastModified": 1772276106,
        "narHash": "sha256-OU7SKxNL+Snjcl0i4USgDL7hfwhitATVI2BlWNRdRg4=",
        "owner": "rstats-on-nix",
        "repo": "nixpkgs",
        "rev": "22c675e2fbf304694a3e4afe189d8692de016af3",
        "type": "github"
      },
      "original": {
        "owner": "rstats-on-nix",
        "ref": "2026-02-28",
        "repo": "nixpkgs",
        "type": "github"
      }
    },
    "root": {
      "inputs": {
        "flake-utils": "flake-utils",
        "nixpkgs": "nixpkgs",
        "t-lang": "t-lang"
      }
    },
    "systems": {
      "locked": {
        "lastModified": 1681028828,
        "narHash": "sha256-Vy1rq5AaRuLzOxct8nz4T6wlgyUR7zLU309k9mBC768=",
        "owner": "nix-systems",
        "repo": "default",
        "rev": "da67096a3b9bf56a91d16901293e51ba5b49a27e",
        "type": "github"
      },
      "original": {
        "owner": "nix-systems",
        "repo": "default",
        "type": "github"
      }
    },
    "systems_2": {
      "locked": {
        "lastModified": 1681028828,
        "narHash": "sha256-Vy1rq5AaRuLzOxct8nz4T6wlgyUR7zLU309k9mBC768=",
        "owner": "nix-systems",
        "repo": "default",
        "rev": "da67096a3b9bf56a91d16901293e51ba5b49a27e",
        "type": "github"
      },
      "original": {
        "owner": "nix-systems",
        "repo": "default",
        "type": "github"
      }
    },
    "t-lang": {
      "inputs": {
        "flake-utils": "flake-utils_2",
        "nixpkgs": "nixpkgs_2"
      },
      "locked": {
        "lastModified": 1772529164,
        "narHash": "sha256-4Opl1jLFt6JHYcUm36nQlYAUE+QDyJqeTA+n2BHQ+CE=",
        "owner": "b-rodrigues",
        "repo": "tlang",
        "rev": "2535f48b134512f122278d1d6052790a737eb4b0",
        "type": "github"
      },
      "original": {
        "owner": "b-rodrigues",
        "repo": "tlang",
        "type": "github"
      }
    }
  },
  "root": "root",
  "version": 7
}
